version = 1
revision = 3
requires-python = ">=3.13.1"

[[package]]
name = "launchfreecad"
version = "0.1.0"
source = { virtual = "." }
dependencies = [
    { name = "packaging" },
    { name = "slint" },
]

[package.metadata]
requires-dist = [
    { name = "packaging", specifier = ">=25.0" },
    { name = "slint", specifier = ">=1.13.1b1" },
]

[[package]]
name = "packaging"
version = "25.0"
source = { registry = "https://pypi.org/simple" }
sdist = { url = "https://files.pythonhosted.org/packages/a1/d4/1fc4078c65507b51b96ca8f8c3ba19e6a61c8253c72794544580a7b6c24d/packaging-25.0.tar.gz", hash = "sha256:d443872c98d677bf60f6a1f2f8c1cb748e8fe762d2bf9d3148b5599295b0fc4f", size = 165727, upload-time = "2025-04-19T11:48:59.673Z" }
wheels = [
    { url = "https://files.pythonhosted.org/packages/20/12/38679034af332785aac8774540895e234f4d07f7545804097de4b666afd8/packaging-25.0-py3-none-any.whl", hash = "sha256:29572ef2b1f17581046b3a2227d5c611fb25ec70ca1ba8554b24b0e69331a484", size = 66469, upload-time = "2025-04-19T11:48:57.875Z" },
]

[[package]]
name = "slint"
version = "1.13.1b1"
source = { registry = "https://pypi.org/simple" }
sdist = { url = "https://files.pythonhosted.org/packages/80/d7/d1267f00661396b1b220a90ab8438c5c94e1ea6b8d8fb6c2b1819f2ab8b0/slint-1.13.1b1.tar.gz", hash = "sha256:afaf590f73402d06c6a6a1bd0fe0bc7b36dee6fc3590279af80b3ca10470d091", size = 1947002, upload-time = "2025-09-11T08:36:10.15Z" }
wheels = [
    { url = "https://files.pythonhosted.org/packages/67/76/a1b480e4a4abc2db64e12d4a88f6d8cb828378f3c86e768c84324cdade31/slint-1.13.1b1-cp311-abi3-ios_13_0_arm64_iphoneos.whl", hash = "sha256:294dfa6da9bd70506caaed717d1635770dd73330c6c6f019d7af63f5f8a0d307", size = 8851529, upload-time = "2025-09-11T08:35:49.92Z" },
    { url = "https://files.pythonhosted.org/packages/19/72/240eeaa7d022ac3d628ea1c0d6a0287ff840985d0bd347d0b8f35f1b83bf/slint-1.13.1b1-cp311-abi3-ios_13_0_arm64_iphonesimulator.whl", hash = "sha256:4a16d90d45fa2361883988965f51b25c0a24a397721b9795d5ee08f9eca76202", size = 9032942, upload-time = "2025-09-11T08:35:52.567Z" },
    { url = "https://files.pythonhosted.org/packages/56/c2/9f706b760196adcdb4858a5c77e2f834f26eb903df2dccc1757a536c6988/slint-1.13.1b1-cp311-abi3-macosx_11_0_arm64.whl", hash = "sha256:229fe8dcad2146a477309e38f55cf69db405ac09ae1d8a38fb0ac01c367e2913", size = 11817912, upload-time = "2025-09-11T08:35:55.003Z" },
    { url = "https://files.pythonhosted.org/packages/19/bf/233c56f45b79c800826af90381d43f75fd88a4a5549e6a1e8340b336ff27/slint-1.13.1b1-cp311-abi3-macosx_11_0_x86_64.whl", hash = "sha256:45b1ac6ff118fd5c42f9f0e02d45810848a44e3c8caeed24de29d965d616c5b7", size = 12377265, upload-time = "2025-09-11T08:35:57.545Z" },
    { url = "https://files.pythonhosted.org/packages/e6/6f/487aa868744b0d7b7e36fac6f506ab8cfa6d0895c4935ce20513d9d3f9ac/slint-1.13.1b1-cp311-abi3-manylinux_2_31_aarch64.whl", hash = "sha256:7608c66071a7eba43c471cb4dbad417b5d71bcb6edb1f25b2da02a04c5839d62", size = 16222675, upload-time = "2025-09-11T08:36:00.293Z" },
    { url = "https://files.pythonhosted.org/packages/b1/ac/50ec3c133b1b7cfca39fb9c29e2ab05339e775cf27430a48c59fddae14f7/slint-1.13.1b1-cp311-abi3-manylinux_2_31_armv7l.whl", hash = "sha256:c1521b6b34f801a5170e68a7f7434fd68aac90e325a21a977c9cb61707e82866", size = 15869971, upload-time = "2025-09-11T08:36:02.86Z" },
    { url = "https://files.pythonhosted.org/packages/a5/c9/270dd433f0425880ef8870bc9eef8688ae9efc796306630d6b40f9413409/slint-1.13.1b1-cp311-abi3-manylinux_2_35_x86_64.whl", hash = "sha256:40fdd0e84cc6f7397de54b1080c6484f215f51cf098dd27f427cb4a860b92bd5", size = 16851252, upload-time = "2025-09-11T08:36:05.509Z" },
    { url = "https://files.pythonhosted.org/packages/64/b4/fcd90a2b3aa40f410185ea6c0d624d274c40693c34585865cdabd6f6a774/slint-1.13.1b1-cp311-abi3-win_amd64.whl", hash = "sha256:9d5666404f24e46ac2dfe389c32af94f99c817c2c93a11c4e79df47bcd42196b", size = 12299989, upload-time = "2025-09-11T08:36:08.08Z" },
]
